// !$*UTF8*$!
{
	archiveVersion = 1;
	classes = {
	};
	objectVersion = 56;
	objects = {

/* Begin PBXBuildFile section */
		4B6E90AA28FC94CA00267D80 /* main.cpp in Sources */ = {isa = PBXBuildFile; fileRef = 4B6E90A928FC94CA00267D80 /* main.cpp */; };
		4B6E90B328FC959F00267D80 /* libvulkan.1.3.224.dylib in Frameworks */ = {isa = PBXBuildFile; fileRef = 4B6E90B128FC959F00267D80 /* libvulkan.1.3.224.dylib */; };
		4B6E90B428FC959F00267D80 /* libvulkan.1.dylib in Frameworks */ = {isa = PBXBuildFile; fileRef = 4B6E90B228FC959F00267D80 /* libvulkan.1.dylib */; };
		4B6E90B628FC95B500267D80 /* libglfw.3.3.dylib in Frameworks */ = {isa = PBXBuildFile; fileRef = 4B6E90B528FC95B500267D80 /* libglfw.3.3.dylib */; };
		4B6E90B728FC95C900267D80 /* libglfw.3.3.dylib in CopyFiles */ = {isa = PBXBuildFile; fileRef = 4B6E90B528FC95B500267D80 /* libglfw.3.3.dylib */; settings = {ATTRIBUTES = (CodeSignOnCopy, ); }; };
		4B6E90B828FC95C900267D80 /* libvulkan.1.3.224.dylib in CopyFiles */ = {isa = PBXBuildFile; fileRef = 4B6E90B128FC959F00267D80 /* libvulkan.1.3.224.dylib */; settings = {ATTRIBUTES = (CodeSignOnCopy, ); }; };
		4B6E90B928FC95C900267D80 /* libvulkan.1.dylib in CopyFiles */ = {isa = PBXBuildFile; fileRef = 4B6E90B228FC959F00267D80 /* libvulkan.1.dylib */; settings = {ATTRIBUTES = (CodeSignOnCopy, ); }; };
/* End PBXBuildFile section */

/* Begin PBXCopyFilesBuildPhase section */
		4B6E90A428FC94CA00267D80 /* CopyFiles */ = {
			isa = PBXCopyFilesBuildPhase;
			buildActionMask = 12;
			dstPath = "";
			dstSubfolderSpec = 10;
			files = (
				4B6E90B728FC95C900267D80 /* libglfw.3.3.dylib in CopyFiles */,
				4B6E90B828FC95C900267D80 /* libvulkan.1.3.224.dylib in CopyFiles */,
				4B6E90B928FC95C900267D80 /* libvulkan.1.dylib in CopyFiles */,
			);
			runOnlyForDeploymentPostprocessing = 0;
		};
/* End PBXCopyFilesBuildPhase section */

/* Begin PBXFileReference section */
		4B6E90A628FC94CA00267D80 /* VulkanTutorial */ = {isa = PBXFileReference; explicitFileType = "compiled.mach-o.executable"; includeInIndex = 0; path = VulkanTutorial; sourceTree = BUILT_PRODUCTS_DIR; };
		4B6E90A928FC94CA00267D80 /* main.cpp */ = {isa = PBXFileReference; lastKnownFileType = sourcecode.cpp.cpp; path = main.cpp; sourceTree = "<group>"; };
		4B6E90B128FC959F00267D80 /* libvulkan.1.3.224.dylib */ = {isa = PBXFileReference; lastKnownFileType = "compiled.mach-o.dylib"; name = libvulkan.1.3.224.dylib; path = ../../../VulkanSDK/1.3.224.1/macOS/lib/libvulkan.1.3.224.dylib; sourceTree = "<group>"; };
		4B6E90B228FC959F00267D80 /* libvulkan.1.dylib */ = {isa = PBXFileReference; lastKnownFileType = "compiled.mach-o.dylib"; name = libvulkan.1.dylib; path = ../../../VulkanSDK/1.3.224.1/macOS/lib/libvulkan.1.dylib; sourceTree = "<group>"; };
		4B6E90B528FC95B500267D80 /* libglfw.3.3.dylib */ = {isa = PBXFileReference; lastKnownFileType = "compiled.mach-o.dylib"; name = libglfw.3.3.dylib; path = ../../../../../opt/local/lib/libglfw.3.3.dylib; sourceTree = "<group>"; };
/* End PBXFileReference section */

/* Begin PBXFrameworksBuildPhase section */
		4B6E90A328FC94CA00267D80 /* Frameworks */ = {
			isa = PBXFrameworksBuildPhase;
			buildActionMask = 2147483647;
			files = (
				4B6E90B328FC959F00267D80 /* libvulkan.1.3.224.dylib in Frameworks */,
				4B6E90B428FC959F00267D80 /* libvulkan.1.dylib in Frameworks */,
				4B6E90B628FC95B500267D80 /* libglfw.3.3.dylib in Frameworks */,
			);
			runOnlyForDeploymentPostprocessing = 0;
		};
/* End PBXFrameworksBuildPhase section */

/* Begin PBXGroup section */
		4B6E909D28FC94CA00267D80 = {
			isa = PBXGroup;
			children = (
				4B6E90A828FC94CA00267D80 /* VulkanTutorial */,
				4B6E90A728FC94CA00267D80 /* Products */,
				4B6E90B028FC959F00267D80 /* Frameworks */,
			);
			sourceTree = "<group>";
		};
		4B6E90A728FC94CA00267D80 /* Products */ = {
			isa = PBXGroup;
			children = (
				4B6E90A628FC94CA00267D80 /* VulkanTutorial */,
			);
			name = Products;
			sourceTree = "<group>";
		};
		4B6E90A828FC94CA00267D80 /* VulkanTutorial */ = {
			isa = PBXGroup;
			children = (
				4B6E90A928FC94CA00267D80 /* main.cpp */,
			);
			path = VulkanTutorial;
			sourceTree = "<group>";
		};
		4B6E90B028FC959F00267D80 /* Frameworks */ = {
			isa = PBXGroup;
			children = (
				4B6E90B528FC95B500267D80 /* libglfw.3.3.dylib */,
				4B6E90B128FC959F00267D80 /* libvulkan.1.3.224.dylib */,
				4B6E90B228FC959F00267D80 /* libvulkan.1.dylib */,
			);
			name = Frameworks;
			sourceTree = "<group>";
		};
/* End PBXGroup section */

/* Begin PBXNativeTarget section */
		4B6E90A528FC94CA00267D80 /* VulkanTutorial */ = {
			isa = PBXNativeTarget;
			buildConfigurationList = 4B6E90AD28FC94CA00267D80 /* Build configuration list for PBXNativeTarget "VulkanTutorial" */;
			buildPhases = (
				4B6E90A228FC94CA00267D80 /* Sources */,
				4B6E90A328FC94CA00267D80 /* Frameworks */,
				4B6E90A428FC94CA00267D80 /* CopyFiles */,
			);
			buildRules = (
			);
			dependencies = (
			);
			name = VulkanTutorial;
			productName = VulkanTutorial;
			productReference = 4B6E90A628FC94CA00267D80 /* VulkanTutorial */;
			productType = "com.apple.product-type.tool";
		};
/* End PBXNativeTarget section */

/* Begin PBXProject section */
		4B6E909E28FC94CA00267D80 /* Project object */ = {
			isa = PBXProject;
			attributes = {
				BuildIndependentTargetsInParallel = 1;
				LastUpgradeCheck = 1400;
				TargetAttributes = {
					4B6E90A528FC94CA00267D80 = {
						CreatedOnToolsVersion = 14.0.1;
					};
				};
			};
			buildConfigurationList = 4B6E90A128FC94CA00267D80 /* Build configuration list for PBXProject "VulkanTutorial" */;
			compatibilityVersion = "Xcode 14.0";
			developmentRegion = en;
			hasScannedForEncodings = 0;
			knownRegions = (
				en,
				Base,
			);
			mainGroup = 4B6E909D28FC94CA00267D80;
			productRefGroup = 4B6E90A728FC94CA00267D80 /* Products */;
			projectDirPath = "";
			projectRoot = "";
			targets = (
				4B6E90A528FC94CA00267D80 /* VulkanTutorial */,
			);
		};
/* End PBXProject section */

/* Begin PBXSourcesBuildPhase section */
		4B6E90A228FC94CA00267D80 /* Sources */ = {
			isa = PBXSourcesBuildPhase;
			buildActionMask = 2147483647;
			files = (
				4B6E90AA28FC94CA00267D80 /* main.cpp in Sources */,
			);
			runOnlyForDeploymentPostprocessing = 0;
		};
/* End PBXSourcesBuildPhase section */

/* Begin XCBuildConfiguration section */
		4B6E90AB28FC94CA00267D80 /* Debug */ = {
			isa = XCBuildConfiguration;
			buildSettings = {
				ALWAYS_SEARCH_USER_PATHS = NO;
				CLANG_ANALYZER_NONNULL = YES;
				CLANG_ANALYZER_NUMBER_OBJECT_CONVERSION = YES_AGGRESSIVE;
				CLANG_CXX_LANGUAGE_STANDARD = "gnu++20";
				CLANG_ENABLE_MODULES = YES;
				CLANG_ENABLE_OBJC_ARC = YES;
				CLANG_ENABLE_OBJC_WEAK = YES;
				CLANG_WARN_BLOCK_CAPTURE_AUTORELEASING = YES;
				CLANG_WARN_BOOL_CONVERSION = YES;
				CLANG_WARN_COMMA = YES;
				CLANG_WARN_CONSTANT_CONVERSION = YES;
				CLANG_WARN_DEPRECATED_OBJC_IMPLEMENTATIONS = YES;
				CLANG_WARN_DIRECT_OBJC_ISA_USAGE = YES_ERROR;
				CLANG_WARN_DOCUMENTATION_COMMENTS = YES;
				CLANG_WARN_EMPTY_BODY = YES;
				CLANG_WARN_ENUM_CONVERSION = YES;
				CLANG_WARN_INFINITE_RECURSION = YES;
				CLANG_WARN_INT_CONVERSION = YES;
				CLANG_WARN_NON_LITERAL_NULL_CONVERSION = YES;
				CLANG_WARN_OBJC_IMPLICIT_RETAIN_SELF = YES;
				CLANG_WARN_OBJC_LITERAL_CONVERSION = YES;
				CLANG_WARN_OBJC_ROOT_CLASS = YES_ERROR;
				CLANG_WARN_QUOTED_INCLUDE_IN_FRAMEWORK_HEADER = YES;
				CLANG_WARN_RANGE_LOOP_ANALYSIS = YES;
				CLANG_WARN_STRICT_PROTOTYPES = YES;
				CLANG_WARN_SUSPICIOUS_MOVE = YES;
				CLANG_WARN_UNGUARDED_AVAILABILITY = YES_AGGRESSIVE;
				CLANG_WARN_UNREACHABLE_CODE = YES;
				CLANG_WARN__DUPLICATE_METHOD_MATCH = YES;
				COPY_PHASE_STRIP = NO;
				DEBUG_INFORMATION_FORMAT = dwarf;
				ENABLE_STRICT_OBJC_MSGSEND = YES;
				ENABLE_TESTABILITY = YES;
				GCC_C_LANGUAGE_STANDARD = gnu11;
				GCC_DYNAMIC_NO_PIC = NO;
				GCC_NO_COMMON_BLOCKS = YES;
				GCC_OPTIMIZATION_LEVEL = 0;
				GCC_PREPROCESSOR_DEFINITIONS = (
					"DEBUG=1",
					"$(inherited)",
				);
				GCC_WARN_64_TO_32_BIT_CONVERSION = YES;
				GCC_WARN_ABOUT_RETURN_TYPE = YES_ERROR;
				GCC_WARN_UNDECLARED_SELECTOR = YES;
				GCC_WARN_UNINITIALIZED_AUTOS = YES_AGGRESSIVE;
				GCC_WARN_UNUSED_FUNCTION = YES;
				GCC_WARN_UNUSED_VARIABLE = YES;
				MACOSX_DEPLOYMENT_TARGET = 12.3;
				MTL_ENABLE_DEBUG_INFO = INCLUDE_SOURCE;
				MTL_FAST_MATH = YES;
				ONLY_ACTIVE_ARCH = YES;
				SDKROOT = macosx;
			};
			name = Debug;
		};
		4B6E90AC28FC94CA00267D80 /* Release */ = {
			isa = XCBuildConfiguration;
			buildSettings = {
				ALWAYS_SEARCH_USER_PATHS = NO;
				CLANG_ANALYZER_NONNULL = YES;
				CLANG_ANALYZER_NUMBER_OBJECT_CONVERSION = YES_AGGRESSIVE;
				CLANG_CXX_LANGUAGE_STANDARD = "gnu++20";
				CLANG_ENABLE_MODULES = YES;
				CLANG_ENABLE_OBJC_ARC = YES;
				CLANG_ENABLE_OBJC_WEAK = YES;
				CLANG_WARN_BLOCK_CAPTURE_AUTORELEASING = YES;
				CLANG_WARN_BOOL_CONVERSION = YES;
				CLANG_WARN_COMMA = YES;
				CLANG_WARN_CONSTANT_CONVERSION = YES;
				CLANG_WARN_DEPRECATED_OBJC_IMPLEMENTATIONS = YES;
				CLANG_WARN_DIRECT_OBJC_ISA_USAGE = YES_ERROR;
				CLANG_WARN_DOCUMENTATION_COMMENTS = YES;
				CLANG_WARN_EMPTY_BODY = YES;
				CLANG_WARN_ENUM_CONVERSION = YES;
				CLANG_WARN_INFINITE_RECURSION = YES;
				CLANG_WARN_INT_CONVERSION = YES;
				CLANG_WARN_NON_LITERAL_NULL_CONVERSION = YES;
				CLANG_WARN_OBJC_IMPLICIT_RETAIN_SELF = YES;
				CLANG_WARN_OBJC_LITERAL_CONVERSION = YES;
				CLANG_WARN_OBJC_ROOT_CLASS = YES_ERROR;
				CLANG_WARN_QUOTED_INCLUDE_IN_FRAMEWORK_HEADER = YES;
				CLANG_WARN_RANGE_LOOP_ANALYSIS = YES;
				CLANG_WARN_STRICT_PROTOTYPES = YES;
				CLANG_WARN_SUSPICIOUS_MOVE = YES;
				CLANG_WARN_UNGUARDED_AVAILABILITY = YES_AGGRESSIVE;
				CLANG_WARN_UNREACHABLE_CODE = YES;
				CLANG_WARN__DUPLICATE_METHOD_MATCH = YES;
				COPY_PHASE_STRIP = NO;
				DEBUG_INFORMATION_FORMAT = "dwarf-with-dsym";
				ENABLE_NS_ASSERTIONS = NO;
				ENABLE_STRICT_OBJC_MSGSEND = YES;
				GCC_C_LANGUAGE_STANDARD = gnu11;
				GCC_NO_COMMON_BLOCKS = YES;
				GCC_WARN_64_TO_32_BIT_CONVERSION = YES;
				GCC_WARN_ABOUT_RETURN_TYPE = YES_ERROR;
				GCC_WARN_UNDECLARED_SELECTOR = YES;
				GCC_WARN_UNINITIALIZED_AUTOS = YES_AGGRESSIVE;
				GCC_WARN_UNUSED_FUNCTION = YES;
				GCC_WARN_UNUSED_VARIABLE = YES;
				MACOSX_DEPLOYMENT_TARGET = 12.3;
				MTL_ENABLE_DEBUG_INFO = NO;
				MTL_FAST_MATH = YES;
				SDKROOT = macosx;
			};
			name = Release;
		};
		4B6E90AE28FC94CA00267D80 /* Debug */ = {
			isa = XCBuildConfiguration;
			buildSettings = {
				CODE_SIGN_STYLE = Automatic;
				HEADER_SEARCH_PATHS = (
					"/Users/kiri/VulkanSDK/1.3.224.1/macOS/include\n/Users/kiri/VulkanSDK/1.3.224.1/macOS/include\n/Users/kiri/VulkanSDK/1.3.224.1/macOS/include\n/Users/kiri/VulkanSDK/1.3.224.1/macOS/include\n/Users/kiri/VulkanSDK/1.3.224.1/macOS/include\n/Users/kiri/VulkanSDK/1.3.224.1/macOS/include",
					/opt/local/include,
				);
				LIBRARY_SEARCH_PATHS = (
					/opt/local/lib,
					/Users/kiri/VulkanSDK/1.3.224.1/macOS/lib,
				);
				PRODUCT_NAME = "$(TARGET_NAME)";
			};
			name = Debug;
		};
		4B6E90AF28FC94CA00267D80 /* Release */ = {
			isa = XCBuildConfiguration;
			buildSettings = {
				CODE_SIGN_STYLE = Automatic;
				HEADER_SEARCH_PATHS = (
					"/Users/kiri/VulkanSDK/1.3.224.1/macOS/include\n/Users/kiri/VulkanSDK/1.3.224.1/macOS/include\n/Users/kiri/VulkanSDK/1.3.224.1/macOS/include\n/Users/kiri/VulkanSDK/1.3.224.1/macOS/include\n/Users/kiri/VulkanSDK/1.3.224.1/macOS/include\n/Users/kiri/VulkanSDK/1.3.224.1/macOS/include",
					/opt/local/include,
				);
				LIBRARY_SEARCH_PATHS = (
					/opt/local/lib,
					/Users/kiri/VulkanSDK/1.3.224.1/macOS/lib,
				);
				PRODUCT_NAME = "$(TARGET_NAME)";
			};
			name = Release;
		};
/* End XCBuildConfiguration section */

/* Begin XCConfigurationList section */
		4B6E90A128FC94CA00267D80 /* Build configuration list for PBXProject "VulkanTutorial" */ = {
			isa = XCConfigurationList;
			buildConfigurations = (
				4B6E90AB28FC94CA00267D80 /* Debug */,
				4B6E90AC28FC94CA00267D80 /* Release */,
			);
			defaultConfigurationIsVisible = 0;
			defaultConfigurationName = Release;
		};
		4B6E90AD28FC94CA00267D80 /* Build configuration list for PBXNativeTarget "VulkanTutorial" */ = {
			isa = XCConfigurationList;
			buildConfigurations = (
				4B6E90AE28FC94CA00267D80 /* Debug */,
				4B6E90AF28FC94CA00267D80 /* Release */,
			);
			defaultConfigurationIsVisible = 0;
			defaultConfigurationName = Release;
		};
/* End XCConfigurationList section */
	};
	rootObject = 4B6E909E28FC94CA00267D80 /* Project object */;
}
